// !$*UTF8*$!
{
	archiveVersion = 1;
	classes = {
	};
	objectVersion = 46;
	objects = {

/* Begin PBXBuildFile section */
		992E593F189EB95000371D39 /* MinersController.m in Sources */ = {isa = PBXBuildFile; fileRef = 992E593E189EB95000371D39 /* MinersController.m */; };
		992E5942189EC95200371D39 /* Miner.m in Sources */ = {isa = PBXBuildFile; fileRef = 992E5941189EC95200371D39 /* Miner.m */; };
		992E5948189ECE6F00371D39 /* AddMinerController.m in Sources */ = {isa = PBXBuildFile; fileRef = 992E5947189ECE6F00371D39 /* AddMinerController.m */; };
		992E594B18A0833300371D39 /* RigStatusController.m in Sources */ = {isa = PBXBuildFile; fileRef = 992E594A18A0833300371D39 /* RigStatusController.m */; };
		992E594E18A1D45D00371D39 /* StatsController.m in Sources */ = {isa = PBXBuildFile; fileRef = 992E594D18A1D45D00371D39 /* StatsController.m */; };
		992E595B18A6FAF000371D39 /* iOS Simulator Screen shot Jan 25, 2014, 11.00.26 PM.png in Resources */ = {isa = PBXBuildFile; fileRef = 992E595218A6FAF000371D39 /* iOS Simulator Screen shot Jan 25, 2014, 11.00.26 PM.png */; };
		992E595C18A6FAF000371D39 /* iOS Simulator Screen shot Jan 25, 2014, 11.12.39 PM.png in Resources */ = {isa = PBXBuildFile; fileRef = 992E595318A6FAF000371D39 /* iOS Simulator Screen shot Jan 25, 2014, 11.12.39 PM.png */; };
		992E595D18A6FAF000371D39 /* iOS Simulator Screen shot Feb 8, 2014, 6.46.19 PM.png in Resources */ = {isa = PBXBuildFile; fileRef = 992E595518A6FAF000371D39 /* iOS Simulator Screen shot Feb 8, 2014, 6.46.19 PM.png */; };
		992E595E18A6FAF000371D39 /* iOS Simulator Screen shot Feb 8, 2014, 6.46.27 PM.png in Resources */ = {isa = PBXBuildFile; fileRef = 992E595618A6FAF000371D39 /* iOS Simulator Screen shot Feb 8, 2014, 6.46.27 PM.png */; };
		992E595F18A6FAF000371D39 /* iOS Simulator Screen shot Feb 8, 2014, 6.46.35 PM.png in Resources */ = {isa = PBXBuildFile; fileRef = 992E595718A6FAF000371D39 /* iOS Simulator Screen shot Feb 8, 2014, 6.46.35 PM.png */; };
		992E596018A6FAF000371D39 /* iOS Simulator Screen shot Feb 8, 2014, 6.47.35 PM.png in Resources */ = {isa = PBXBuildFile; fileRef = 992E595818A6FAF000371D39 /* iOS Simulator Screen shot Feb 8, 2014, 6.47.35 PM.png */; };
		992E596118A6FAF000371D39 /* iOS Simulator Screen shot Feb 8, 2014, 6.47.40 PM.png in Resources */ = {isa = PBXBuildFile; fileRef = 992E595918A6FAF000371D39 /* iOS Simulator Screen shot Feb 8, 2014, 6.47.40 PM.png */; };
		992E596218A6FAF000371D39 /* iOS Simulator Screen shot Feb 8, 2014, 6.47.45 PM.png in Resources */ = {isa = PBXBuildFile; fileRef = 992E595A18A6FAF000371D39 /* iOS Simulator Screen shot Feb 8, 2014, 6.47.45 PM.png */; };
		994669A91895E97200938C9C /* 5836482263_53568272a2_o.jpg in Resources */ = {isa = PBXBuildFile; fileRef = 994669991895E97200938C9C /* 5836482263_53568272a2_o.jpg */; };
		994669AA1895E97200938C9C /* app_background_moon.jpg in Resources */ = {isa = PBXBuildFile; fileRef = 9946699A1895E97200938C9C /* app_background_moon.jpg */; };
		994669AB1895E97200938C9C /* app_background_moon.png in Resources */ = {isa = PBXBuildFile; fileRef = 9946699B1895E97200938C9C /* app_background_moon.png */; };
		994669AC1895E97200938C9C /* app_background_moon.xcf in Resources */ = {isa = PBXBuildFile; fileRef = 9946699C1895E97200938C9C /* app_background_moon.xcf */; };
		994669AD1895E97200938C9C /* app_background_moon@2x.png in Resources */ = {isa = PBXBuildFile; fileRef = 9946699D1895E97200938C9C /* app_background_moon@2x.png */; };
		994669AE1895E97200938C9C /* app_icon.xcf in Resources */ = {isa = PBXBuildFile; fileRef = 9946699E1895E97200938C9C /* app_icon.xcf */; };
		994669AF1895E97200938C9C /* app_icon2_appstore.png in Resources */ = {isa = PBXBuildFile; fileRef = 9946699F1895E97200938C9C /* app_icon2_appstore.png */; };
		994669B01895E97200938C9C /* app_icon2_iphone.png in Resources */ = {isa = PBXBuildFile; fileRef = 994669A01895E97200938C9C /* app_icon2_iphone.png */; };
		994669B11895E97200938C9C /* app_icon2_iphone_144.png in Resources */ = {isa = PBXBuildFile; fileRef = 994669A11895E97200938C9C /* app_icon2_iphone_144.png */; };
		994669B21895E97200938C9C /* app_icon2_iphone_57.png in Resources */ = {isa = PBXBuildFile; fileRef = 994669A21895E97200938C9C /* app_icon2_iphone_57.png */; };
		994669B31895E97200938C9C /* app_launch_image.xcf in Resources */ = {isa = PBXBuildFile; fileRef = 994669A31895E97200938C9C /* app_launch_image.xcf */; };
		994669B41895E97200938C9C /* app_launch_image_iphone_2x.png in Resources */ = {isa = PBXBuildFile; fileRef = 994669A41895E97200938C9C /* app_launch_image_iphone_2x.png */; };
		994669B51895E97200938C9C /* app_launch_image_iphone_r4.png in Resources */ = {isa = PBXBuildFile; fileRef = 994669A51895E97200938C9C /* app_launch_image_iphone_r4.png */; };
		994669B61895E97200938C9C /* Bitcoin.png in Resources */ = {isa = PBXBuildFile; fileRef = 994669A61895E97200938C9C /* Bitcoin.png */; };
		99A958B4188B1D750074D408 /* Foundation.framework in Frameworks */ = {isa = PBXBuildFile; fileRef = 99A958B3188B1D750074D408 /* Foundation.framework */; };
		99A958B6188B1D750074D408 /* CoreGraphics.framework in Frameworks */ = {isa = PBXBuildFile; fileRef = 99A958B5188B1D750074D408 /* CoreGraphics.framework */; };
		99A958B8188B1D750074D408 /* UIKit.framework in Frameworks */ = {isa = PBXBuildFile; fileRef = 99A958B7188B1D750074D408 /* UIKit.framework */; };
		99A958BE188B1D750074D408 /* InfoPlist.strings in Resources */ = {isa = PBXBuildFile; fileRef = 99A958BC188B1D750074D408 /* InfoPlist.strings */; };
		99A958C0188B1D750074D408 /* main.m in Sources */ = {isa = PBXBuildFile; fileRef = 99A958BF188B1D750074D408 /* main.m */; };
		99A958C4188B1D750074D408 /* AppDelegate.m in Sources */ = {isa = PBXBuildFile; fileRef = 99A958C3188B1D750074D408 /* AppDelegate.m */; };
		99A958C7188B1D750074D408 /* Main_iPhone.storyboard in Resources */ = {isa = PBXBuildFile; fileRef = 99A958C5188B1D750074D408 /* Main_iPhone.storyboard */; };
		99A958CA188B1D750074D408 /* Main_iPad.storyboard in Resources */ = {isa = PBXBuildFile; fileRef = 99A958C8188B1D750074D408 /* Main_iPad.storyboard */; };
		99A958CD188B1D750074D408 /* UserStatsController.m in Sources */ = {isa = PBXBuildFile; fileRef = 99A958CC188B1D750074D408 /* UserStatsController.m */; };
		99A958D2188B1D750074D408 /* Images.xcassets in Resources */ = {isa = PBXBuildFile; fileRef = 99A958D1188B1D750074D408 /* Images.xcassets */; };
		99A958D9188B1D750074D408 /* XCTest.framework in Frameworks */ = {isa = PBXBuildFile; fileRef = 99A958D8188B1D750074D408 /* XCTest.framework */; };
		99A958DA188B1D750074D408 /* Foundation.framework in Frameworks */ = {isa = PBXBuildFile; fileRef = 99A958B3188B1D750074D408 /* Foundation.framework */; };
		99A958DB188B1D750074D408 /* UIKit.framework in Frameworks */ = {isa = PBXBuildFile; fileRef = 99A958B7188B1D750074D408 /* UIKit.framework */; };
		99A958E3188B1D750074D408 /* InfoPlist.strings in Resources */ = {isa = PBXBuildFile; fileRef = 99A958E1188B1D750074D408 /* InfoPlist.strings */; };
		99A958E5188B1D750074D408 /* Middlecoin_ToolkitTests.m in Sources */ = {isa = PBXBuildFile; fileRef = 99A958E4188B1D750074D408 /* Middlecoin_ToolkitTests.m */; };
		99A958F0188B3BF10074D408 /* SettingsController.m in Sources */ = {isa = PBXBuildFile; fileRef = 99A958EF188B3BF10074D408 /* SettingsController.m */; };
		99EA99EF18934A6E0094BDE9 /* NewsController.m in Sources */ = {isa = PBXBuildFile; fileRef = 99EA99EE18934A6E0094BDE9 /* NewsController.m */; };
/* End PBXBuildFile section */

/* Begin PBXContainerItemProxy section */
		99A958DC188B1D750074D408 /* PBXContainerItemProxy */ = {
			isa = PBXContainerItemProxy;
			containerPortal = 99A958A8188B1D750074D408 /* Project object */;
			proxyType = 1;
			remoteGlobalIDString = 99A958AF188B1D750074D408;
			remoteInfo = "Middlecoin Toolkit";
		};
/* End PBXContainerItemProxy section */

/* Begin PBXFileReference section */
		992E593D189EB95000371D39 /* MinersController.h */ = {isa = PBXFileReference; fileEncoding = 4; lastKnownFileType = sourcecode.c.h; path = MinersController.h; sourceTree = "<group>"; };
		992E593E189EB95000371D39 /* MinersController.m */ = {isa = PBXFileReference; fileEncoding = 4; lastKnownFileType = sourcecode.c.objc; path = MinersController.m; sourceTree = "<group>"; };
		992E5940189EC95200371D39 /* Miner.h */ = {isa = PBXFileReference; fileEncoding = 4; lastKnownFileType = sourcecode.c.h; path = Miner.h; sourceTree = "<group>"; };
		992E5941189EC95200371D39 /* Miner.m */ = {isa = PBXFileReference; fileEncoding = 4; lastKnownFileType = sourcecode.c.objc; path = Miner.m; sourceTree = "<group>"; };
		992E5946189ECE6F00371D39 /* AddMinerController.h */ = {isa = PBXFileReference; fileEncoding = 4; lastKnownFileType = sourcecode.c.h; path = AddMinerController.h; sourceTree = "<group>"; };
		992E5947189ECE6F00371D39 /* AddMinerController.m */ = {isa = PBXFileReference; fileEncoding = 4; lastKnownFileType = sourcecode.c.objc; path = AddMinerController.m; sourceTree = "<group>"; };
		992E594918A0833300371D39 /* RigStatusController.h */ = {isa = PBXFileReference; fileEncoding = 4; lastKnownFileType = sourcecode.c.h; path = RigStatusController.h; sourceTree = "<group>"; };
		992E594A18A0833300371D39 /* RigStatusController.m */ = {isa = PBXFileReference; fileEncoding = 4; lastKnownFileType = sourcecode.c.objc; path = RigStatusController.m; sourceTree = "<group>"; };
		992E594C18A1D45D00371D39 /* StatsController.h */ = {isa = PBXFileReference; fileEncoding = 4; lastKnownFileType = sourcecode.c.h; path = StatsController.h; sourceTree = "<group>"; };
		992E594D18A1D45D00371D39 /* StatsController.m */ = {isa = PBXFileReference; fileEncoding = 4; lastKnownFileType = sourcecode.c.objc; path = StatsController.m; sourceTree = "<group>"; };
		992E594F18A45F0800371D39 /* Constants.h */ = {isa = PBXFileReference; lastKnownFileType = sourcecode.c.h; path = Constants.h; sourceTree = "<group>"; };
		992E595218A6FAF000371D39 /* iOS Simulator Screen shot Jan 25, 2014, 11.00.26 PM.png */ = {isa = PBXFileReference; lastKnownFileType = image.png; path = "iOS Simulator Screen shot Jan 25, 2014, 11.00.26 PM.png"; sourceTree = "<group>"; };
		992E595318A6FAF000371D39 /* iOS Simulator Screen shot Jan 25, 2014, 11.12.39 PM.png */ = {isa = PBXFileReference; lastKnownFileType = image.png; path = "iOS Simulator Screen shot Jan 25, 2014, 11.12.39 PM.png"; sourceTree = "<group>"; };
		992E595518A6FAF000371D39 /* iOS Simulator Screen shot Feb 8, 2014, 6.46.19 PM.png */ = {isa = PBXFileReference; lastKnownFileType = image.png; path = "iOS Simulator Screen shot Feb 8, 2014, 6.46.19 PM.png"; sourceTree = "<group>"; };
		992E595618A6FAF000371D39 /* iOS Simulator Screen shot Feb 8, 2014, 6.46.27 PM.png */ = {isa = PBXFileReference; lastKnownFileType = image.png; path = "iOS Simulator Screen shot Feb 8, 2014, 6.46.27 PM.png"; sourceTree = "<group>"; };
		992E595718A6FAF000371D39 /* iOS Simulator Screen shot Feb 8, 2014, 6.46.35 PM.png */ = {isa = PBXFileReference; lastKnownFileType = image.png; path = "iOS Simulator Screen shot Feb 8, 2014, 6.46.35 PM.png"; sourceTree = "<group>"; };
		992E595818A6FAF000371D39 /* iOS Simulator Screen shot Feb 8, 2014, 6.47.35 PM.png */ = {isa = PBXFileReference; lastKnownFileType = image.png; path = "iOS Simulator Screen shot Feb 8, 2014, 6.47.35 PM.png"; sourceTree = "<group>"; };
		992E595918A6FAF000371D39 /* iOS Simulator Screen shot Feb 8, 2014, 6.47.40 PM.png */ = {isa = PBXFileReference; lastKnownFileType = image.png; path = "iOS Simulator Screen shot Feb 8, 2014, 6.47.40 PM.png"; sourceTree = "<group>"; };
		992E595A18A6FAF000371D39 /* iOS Simulator Screen shot Feb 8, 2014, 6.47.45 PM.png */ = {isa = PBXFileReference; lastKnownFileType = image.png; path = "iOS Simulator Screen shot Feb 8, 2014, 6.47.45 PM.png"; sourceTree = "<group>"; };
		994669991895E97200938C9C /* 5836482263_53568272a2_o.jpg */ = {isa = PBXFileReference; lastKnownFileType = image.jpeg; path = 5836482263_53568272a2_o.jpg; sourceTree = "<group>"; };
		9946699A1895E97200938C9C /* app_background_moon.jpg */ = {isa = PBXFileReference; lastKnownFileType = image.jpeg; path = app_background_moon.jpg; sourceTree = "<group>"; };
		9946699B1895E97200938C9C /* app_background_moon.png */ = {isa = PBXFileReference; lastKnownFileType = image.png; path = app_background_moon.png; sourceTree = "<group>"; };
		9946699C1895E97200938C9C /* app_background_moon.xcf */ = {isa = PBXFileReference; lastKnownFileType = file; path = app_background_moon.xcf; sourceTree = "<group>"; };
		9946699D1895E97200938C9C /* app_background_moon@2x.png */ = {isa = PBXFileReference; lastKnownFileType = image.png; path = "app_background_moon@2x.png"; sourceTree = "<group>"; };
		9946699E1895E97200938C9C /* app_icon.xcf */ = {isa = PBXFileReference; lastKnownFileType = file; path = app_icon.xcf; sourceTree = "<group>"; };
		9946699F1895E97200938C9C /* app_icon2_appstore.png */ = {isa = PBXFileReference; lastKnownFileType = image.png; path = app_icon2_appstore.png; sourceTree = "<group>"; };
		994669A01895E97200938C9C /* app_icon2_iphone.png */ = {isa = PBXFileReference; lastKnownFileType = image.png; path = app_icon2_iphone.png; sourceTree = "<group>"; };
		994669A11895E97200938C9C /* app_icon2_iphone_144.png */ = {isa = PBXFileReference; lastKnownFileType = image.png; path = app_icon2_iphone_144.png; sourceTree = "<group>"; };
		994669A21895E97200938C9C /* app_icon2_iphone_57.png */ = {isa = PBXFileReference; lastKnownFileType = image.png; path = app_icon2_iphone_57.png; sourceTree = "<group>"; };
		994669A31895E97200938C9C /* app_launch_image.xcf */ = {isa = PBXFileReference; lastKnownFileType = file; path = app_launch_image.xcf; sourceTree = "<group>"; };
		994669A41895E97200938C9C /* app_launch_image_iphone_2x.png */ = {isa = PBXFileReference; lastKnownFileType = image.png; path = app_launch_image_iphone_2x.png; sourceTree = "<group>"; };
		994669A51895E97200938C9C /* app_launch_image_iphone_r4.png */ = {isa = PBXFileReference; lastKnownFileType = image.png; path = app_launch_image_iphone_r4.png; sourceTree = "<group>"; };
		994669A61895E97200938C9C /* Bitcoin.png */ = {isa = PBXFileReference; lastKnownFileType = image.png; path = Bitcoin.png; sourceTree = "<group>"; };
		99A958B0188B1D750074D408 /* Middlecoin.app */ = {isa = PBXFileReference; explicitFileType = wrapper.application; includeInIndex = 0; path = Middlecoin.app; sourceTree = BUILT_PRODUCTS_DIR; };
		99A958B3188B1D750074D408 /* Foundation.framework */ = {isa = PBXFileReference; lastKnownFileType = wrapper.framework; name = Foundation.framework; path = System/Library/Frameworks/Foundation.framework; sourceTree = SDKROOT; };
		99A958B5188B1D750074D408 /* CoreGraphics.framework */ = {isa = PBXFileReference; lastKnownFileType = wrapper.framework; name = CoreGraphics.framework; path = System/Library/Frameworks/CoreGraphics.framework; sourceTree = SDKROOT; };
		99A958B7188B1D750074D408 /* UIKit.framework */ = {isa = PBXFileReference; lastKnownFileType = wrapper.framework; name = UIKit.framework; path = System/Library/Frameworks/UIKit.framework; sourceTree = SDKROOT; };
		99A958BB188B1D750074D408 /* Middlecoin Toolkit-Info.plist */ = {isa = PBXFileReference; lastKnownFileType = text.plist.xml; path = "Middlecoin Toolkit-Info.plist"; sourceTree = "<group>"; };
		99A958BD188B1D750074D408 /* en */ = {isa = PBXFileReference; lastKnownFileType = text.plist.strings; name = en; path = en.lproj/InfoPlist.strings; sourceTree = "<group>"; };
		99A958BF188B1D750074D408 /* main.m */ = {isa = PBXFileReference; lastKnownFileType = sourcecode.c.objc; path = main.m; sourceTree = "<group>"; };
		99A958C1188B1D750074D408 /* Middlecoin Toolkit-Prefix.pch */ = {isa = PBXFileReference; lastKnownFileType = sourcecode.c.h; path = "Middlecoin Toolkit-Prefix.pch"; sourceTree = "<group>"; };
		99A958C2188B1D750074D408 /* AppDelegate.h */ = {isa = PBXFileReference; lastKnownFileType = sourcecode.c.h; path = AppDelegate.h; sourceTree = "<group>"; };
		99A958C3188B1D750074D408 /* AppDelegate.m */ = {isa = PBXFileReference; lastKnownFileType = sourcecode.c.objc; path = AppDelegate.m; sourceTree = "<group>"; };
		99A958C6188B1D750074D408 /* Base */ = {isa = PBXFileReference; lastKnownFileType = file.storyboard; name = Base; path = Base.lproj/Main_iPhone.storyboard; sourceTree = "<group>"; };
		99A958C9188B1D750074D408 /* Base */ = {isa = PBXFileReference; lastKnownFileType = file.storyboard; name = Base; path = Base.lproj/Main_iPad.storyboard; sourceTree = "<group>"; };
		99A958CB188B1D750074D408 /* UserStatsController.h */ = {isa = PBXFileReference; lastKnownFileType = sourcecode.c.h; path = UserStatsController.h; sourceTree = "<group>"; };
		99A958CC188B1D750074D408 /* UserStatsController.m */ = {isa = PBXFileReference; lastKnownFileType = sourcecode.c.objc; path = UserStatsController.m; sourceTree = "<group>"; };
		99A958D1188B1D750074D408 /* Images.xcassets */ = {isa = PBXFileReference; lastKnownFileType = folder.assetcatalog; path = Images.xcassets; sourceTree = "<group>"; };
		99A958D7188B1D750074D408 /* Middlecoin ToolkitTests.xctest */ = {isa = PBXFileReference; explicitFileType = wrapper.cfbundle; includeInIndex = 0; path = "Middlecoin ToolkitTests.xctest"; sourceTree = BUILT_PRODUCTS_DIR; };
		99A958D8188B1D750074D408 /* XCTest.framework */ = {isa = PBXFileReference; lastKnownFileType = wrapper.framework; name = XCTest.framework; path = Library/Frameworks/XCTest.framework; sourceTree = DEVELOPER_DIR; };
		99A958E0188B1D750074D408 /* Middlecoin ToolkitTests-Info.plist */ = {isa = PBXFileReference; lastKnownFileType = text.plist.xml; path = "Middlecoin ToolkitTests-Info.plist"; sourceTree = "<group>"; };
		99A958E2188B1D750074D408 /* en */ = {isa = PBXFileReference; lastKnownFileType = text.plist.strings; name = en; path = en.lproj/InfoPlist.strings; sourceTree = "<group>"; };
		99A958E4188B1D750074D408 /* Middlecoin_ToolkitTests.m */ = {isa = PBXFileReference; lastKnownFileType = sourcecode.c.objc; path = Middlecoin_ToolkitTests.m; sourceTree = "<group>"; };
		99A958EE188B3BF10074D408 /* SettingsController.h */ = {isa = PBXFileReference; fileEncoding = 4; lastKnownFileType = sourcecode.c.h; path = SettingsController.h; sourceTree = "<group>"; };
		99A958EF188B3BF10074D408 /* SettingsController.m */ = {isa = PBXFileReference; fileEncoding = 4; lastKnownFileType = sourcecode.c.objc; path = SettingsController.m; sourceTree = "<group>"; };
		99EA99EE18934A6E0094BDE9 /* NewsController.m */ = {isa = PBXFileReference; fileEncoding = 4; lastKnownFileType = sourcecode.c.objc; path = NewsController.m; sourceTree = "<group>"; };
		99EA99F018934A7E0094BDE9 /* NewsController.h */ = {isa = PBXFileReference; fileEncoding = 4; lastKnownFileType = sourcecode.c.h; path = NewsController.h; sourceTree = "<group>"; };
/* End PBXFileReference section */

/* Begin PBXFrameworksBuildPhase section */
		99A958AD188B1D750074D408 /* Frameworks */ = {
			isa = PBXFrameworksBuildPhase;
			buildActionMask = 2147483647;
			files = (
				99A958B6188B1D750074D408 /* CoreGraphics.framework in Frameworks */,
				99A958B8188B1D750074D408 /* UIKit.framework in Frameworks */,
				99A958B4188B1D750074D408 /* Foundation.framework in Frameworks */,
			);
			runOnlyForDeploymentPostprocessing = 0;
		};
		99A958D4188B1D750074D408 /* Frameworks */ = {
			isa = PBXFrameworksBuildPhase;
			buildActionMask = 2147483647;
			files = (
				99A958D9188B1D750074D408 /* XCTest.framework in Frameworks */,
				99A958DB188B1D750074D408 /* UIKit.framework in Frameworks */,
				99A958DA188B1D750074D408 /* Foundation.framework in Frameworks */,
			);
			runOnlyForDeploymentPostprocessing = 0;
		};
/* End PBXFrameworksBuildPhase section */

/* Begin PBXGroup section */
		992E595018A6FAF000371D39 /* screenshots */ = {
			isa = PBXGroup;
			children = (
				992E595118A6FAF000371D39 /* v1.0 */,
				992E595418A6FAF000371D39 /* v1.1 */,
			);
			path = screenshots;
			sourceTree = "<group>";
		};
		992E595118A6FAF000371D39 /* v1.0 */ = {
			isa = PBXGroup;
			children = (
				992E595218A6FAF000371D39 /* iOS Simulator Screen shot Jan 25, 2014, 11.00.26 PM.png */,
				992E595318A6FAF000371D39 /* iOS Simulator Screen shot Jan 25, 2014, 11.12.39 PM.png */,
			);
			path = v1.0;
			sourceTree = "<group>";
		};
		992E595418A6FAF000371D39 /* v1.1 */ = {
			isa = PBXGroup;
			children = (
				992E595518A6FAF000371D39 /* iOS Simulator Screen shot Feb 8, 2014, 6.46.19 PM.png */,
				992E595618A6FAF000371D39 /* iOS Simulator Screen shot Feb 8, 2014, 6.46.27 PM.png */,
				992E595718A6FAF000371D39 /* iOS Simulator Screen shot Feb 8, 2014, 6.46.35 PM.png */,
				992E595818A6FAF000371D39 /* iOS Simulator Screen shot Feb 8, 2014, 6.47.35 PM.png */,
				992E595918A6FAF000371D39 /* iOS Simulator Screen shot Feb 8, 2014, 6.47.40 PM.png */,
				992E595A18A6FAF000371D39 /* iOS Simulator Screen shot Feb 8, 2014, 6.47.45 PM.png */,
			);
			path = v1.1;
			sourceTree = "<group>";
		};
		994669981895E97200938C9C /* assets */ = {
			isa = PBXGroup;
			children = (
				992E595018A6FAF000371D39 /* screenshots */,
				994669991895E97200938C9C /* 5836482263_53568272a2_o.jpg */,
				9946699A1895E97200938C9C /* app_background_moon.jpg */,
				9946699B1895E97200938C9C /* app_background_moon.png */,
				9946699C1895E97200938C9C /* app_background_moon.xcf */,
				9946699D1895E97200938C9C /* app_background_moon@2x.png */,
				9946699E1895E97200938C9C /* app_icon.xcf */,
				9946699F1895E97200938C9C /* app_icon2_appstore.png */,
				994669A01895E97200938C9C /* app_icon2_iphone.png */,
				994669A11895E97200938C9C /* app_icon2_iphone_144.png */,
				994669A21895E97200938C9C /* app_icon2_iphone_57.png */,
				994669A31895E97200938C9C /* app_launch_image.xcf */,
				994669A41895E97200938C9C /* app_launch_image_iphone_2x.png */,
				994669A51895E97200938C9C /* app_launch_image_iphone_r4.png */,
				994669A61895E97200938C9C /* Bitcoin.png */,
			);
			path = assets;
			sourceTree = "<group>";
		};
		99A958A7188B1D750074D408 = {
			isa = PBXGroup;
			children = (
				994669981895E97200938C9C /* assets */,
				99A958B9188B1D750074D408 /* Middlecoin Toolkit */,
				99A958DE188B1D750074D408 /* Middlecoin ToolkitTests */,
				99A958B2188B1D750074D408 /* Frameworks */,
				99A958B1188B1D750074D408 /* Products */,
			);
			sourceTree = "<group>";
		};
		99A958B1188B1D750074D408 /* Products */ = {
			isa = PBXGroup;
			children = (
				99A958B0188B1D750074D408 /* Middlecoin.app */,
				99A958D7188B1D750074D408 /* Middlecoin ToolkitTests.xctest */,
			);
			name = Products;
			sourceTree = "<group>";
		};
		99A958B2188B1D750074D408 /* Frameworks */ = {
			isa = PBXGroup;
			children = (
				99A958B3188B1D750074D408 /* Foundation.framework */,
				99A958B5188B1D750074D408 /* CoreGraphics.framework */,
				99A958B7188B1D750074D408 /* UIKit.framework */,
				99A958D8188B1D750074D408 /* XCTest.framework */,
			);
			name = Frameworks;
			sourceTree = "<group>";
		};
		99A958B9188B1D750074D408 /* Middlecoin Toolkit */ = {
			isa = PBXGroup;
			children = (
				99EA99F018934A7E0094BDE9 /* NewsController.h */,
				99EA99EE18934A6E0094BDE9 /* NewsController.m */,
				99A958C2188B1D750074D408 /* AppDelegate.h */,
				99A958C3188B1D750074D408 /* AppDelegate.m */,
				99A958C5188B1D750074D408 /* Main_iPhone.storyboard */,
				99A958C8188B1D750074D408 /* Main_iPad.storyboard */,
				99A958CB188B1D750074D408 /* UserStatsController.h */,
				99A958CC188B1D750074D408 /* UserStatsController.m */,
				99A958D1188B1D750074D408 /* Images.xcassets */,
				99A958BA188B1D750074D408 /* Supporting Files */,
				99A958EE188B3BF10074D408 /* SettingsController.h */,
				99A958EF188B3BF10074D408 /* SettingsController.m */,
				992E593D189EB95000371D39 /* MinersController.h */,
				992E593E189EB95000371D39 /* MinersController.m */,
				992E5940189EC95200371D39 /* Miner.h */,
				992E5941189EC95200371D39 /* Miner.m */,
				992E5946189ECE6F00371D39 /* AddMinerController.h */,
				992E5947189ECE6F00371D39 /* AddMinerController.m */,
				992E594918A0833300371D39 /* RigStatusController.h */,
				992E594A18A0833300371D39 /* RigStatusController.m */,
				992E594C18A1D45D00371D39 /* StatsController.h */,
				992E594D18A1D45D00371D39 /* StatsController.m */,
				992E594F18A45F0800371D39 /* Constants.h */,
			);
			path = "Middlecoin Toolkit";
			sourceTree = "<group>";
		};
		99A958BA188B1D750074D408 /* Supporting Files */ = {
			isa = PBXGroup;
			children = (
				99A958BB188B1D750074D408 /* Middlecoin Toolkit-Info.plist */,
				99A958BC188B1D750074D408 /* InfoPlist.strings */,
				99A958BF188B1D750074D408 /* main.m */,
				99A958C1188B1D750074D408 /* Middlecoin Toolkit-Prefix.pch */,
			);
			name = "Supporting Files";
			sourceTree = "<group>";
		};
		99A958DE188B1D750074D408 /* Middlecoin ToolkitTests */ = {
			isa = PBXGroup;
			children = (
				99A958E4188B1D750074D408 /* Middlecoin_ToolkitTests.m */,
				99A958DF188B1D750074D408 /* Supporting Files */,
			);
			path = "Middlecoin ToolkitTests";
			sourceTree = "<group>";
		};
		99A958DF188B1D750074D408 /* Supporting Files */ = {
			isa = PBXGroup;
			children = (
				99A958E0188B1D750074D408 /* Middlecoin ToolkitTests-Info.plist */,
				99A958E1188B1D750074D408 /* InfoPlist.strings */,
			);
			name = "Supporting Files";
			sourceTree = "<group>";
		};
/* End PBXGroup section */

/* Begin PBXNativeTarget section */
		99A958AF188B1D750074D408 /* Middlecoin */ = {
			isa = PBXNativeTarget;
			buildConfigurationList = 99A958E8188B1D750074D408 /* Build configuration list for PBXNativeTarget "Middlecoin" */;
			buildPhases = (
				99A958AC188B1D750074D408 /* Sources */,
				99A958AD188B1D750074D408 /* Frameworks */,
				99A958AE188B1D750074D408 /* Resources */,
			);
			buildRules = (
			);
			dependencies = (
			);
			name = Middlecoin;
			productName = "Middlecoin Toolkit";
			productReference = 99A958B0188B1D750074D408 /* Middlecoin.app */;
			productType = "com.apple.product-type.application";
		};
		99A958D6188B1D750074D408 /* Middlecoin ToolkitTests */ = {
			isa = PBXNativeTarget;
			buildConfigurationList = 99A958EB188B1D750074D408 /* Build configuration list for PBXNativeTarget "Middlecoin ToolkitTests" */;
			buildPhases = (
				99A958D3188B1D750074D408 /* Sources */,
				99A958D4188B1D750074D408 /* Frameworks */,
				99A958D5188B1D750074D408 /* Resources */,
			);
			buildRules = (
			);
			dependencies = (
				99A958DD188B1D750074D408 /* PBXTargetDependency */,
			);
			name = "Middlecoin ToolkitTests";
			productName = "Middlecoin ToolkitTests";
			productReference = 99A958D7188B1D750074D408 /* Middlecoin ToolkitTests.xctest */;
			productType = "com.apple.product-type.bundle.unit-test";
		};
/* End PBXNativeTarget section */

/* Begin PBXProject section */
		99A958A8188B1D750074D408 /* Project object */ = {
			isa = PBXProject;
			attributes = {
				LastUpgradeCheck = 0500;
				ORGANIZATIONNAME = "Equinox Synthetics";
				TargetAttributes = {
					99A958AF188B1D750074D408 = {
						DevelopmentTeam = VDZGG2GE28;
					};
					99A958D6188B1D750074D408 = {
						TestTargetID = 99A958AF188B1D750074D408;
					};
				};
			};
			buildConfigurationList = 99A958AB188B1D750074D408 /* Build configuration list for PBXProject "Middlecoin Toolkit" */;
			compatibilityVersion = "Xcode 3.2";
			developmentRegion = English;
			hasScannedForEncodings = 0;
			knownRegions = (
				en,
				Base,
			);
			mainGroup = 99A958A7188B1D750074D408;
			productRefGroup = 99A958B1188B1D750074D408 /* Products */;
			projectDirPath = "";
			projectRoot = "";
			targets = (
				99A958AF188B1D750074D408 /* Middlecoin */,
				99A958D6188B1D750074D408 /* Middlecoin ToolkitTests */,
			);
		};
/* End PBXProject section */

/* Begin PBXResourcesBuildPhase section */
		99A958AE188B1D750074D408 /* Resources */ = {
			isa = PBXResourcesBuildPhase;
			buildActionMask = 2147483647;
			files = (
				992E595B18A6FAF000371D39 /* iOS Simulator Screen shot Jan 25, 2014, 11.00.26 PM.png in Resources */,
				994669B01895E97200938C9C /* app_icon2_iphone.png in Resources */,
				994669B11895E97200938C9C /* app_icon2_iphone_144.png in Resources */,
				994669B61895E97200938C9C /* Bitcoin.png in Resources */,
				992E596218A6FAF000371D39 /* iOS Simulator Screen shot Feb 8, 2014, 6.47.45 PM.png in Resources */,
				992E595C18A6FAF000371D39 /* iOS Simulator Screen shot Jan 25, 2014, 11.12.39 PM.png in Resources */,
				994669B21895E97200938C9C /* app_icon2_iphone_57.png in Resources */,
				994669AB1895E97200938C9C /* app_background_moon.png in Resources */,
				994669AA1895E97200938C9C /* app_background_moon.jpg in Resources */,
				994669B51895E97200938C9C /* app_launch_image_iphone_r4.png in Resources */,
				99A958CA188B1D750074D408 /* Main_iPad.storyboard in Resources */,
				992E595D18A6FAF000371D39 /* iOS Simulator Screen shot Feb 8, 2014, 6.46.19 PM.png in Resources */,
				992E595E18A6FAF000371D39 /* iOS Simulator Screen shot Feb 8, 2014, 6.46.27 PM.png in Resources */,
				994669A91895E97200938C9C /* 5836482263_53568272a2_o.jpg in Resources */,
				99A958D2188B1D750074D408 /* Images.xcassets in Resources */,
				992E596118A6FAF000371D39 /* iOS Simulator Screen shot Feb 8, 2014, 6.47.40 PM.png in Resources */,
				994669B31895E97200938C9C /* app_launch_image.xcf in Resources */,
				994669B41895E97200938C9C /* app_launch_image_iphone_2x.png in Resources */,
				99A958C7188B1D750074D408 /* Main_iPhone.storyboard in Resources */,
				994669AE1895E97200938C9C /* app_icon.xcf in Resources */,
				994669AC1895E97200938C9C /* app_background_moon.xcf in Resources */,
				994669AF1895E97200938C9C /* app_icon2_appstore.png in Resources */,
				994669AD1895E97200938C9C /* app_background_moon@2x.png in Resources */,
				99A958BE188B1D750074D408 /* InfoPlist.strings in Resources */,
				992E595F18A6FAF000371D39 /* iOS Simulator Screen shot Feb 8, 2014, 6.46.35 PM.png in Resources */,
				992E596018A6FAF000371D39 /* iOS Simulator Screen shot Feb 8, 2014, 6.47.35 PM.png in Resources */,
			);
			runOnlyForDeploymentPostprocessing = 0;
		};
		99A958D5188B1D750074D408 /* Resources */ = {
			isa = PBXResourcesBuildPhase;
			buildActionMask = 2147483647;
			files = (
				99A958E3188B1D750074D408 /* InfoPlist.strings in Resources */,
			);
			runOnlyForDeploymentPostprocessing = 0;
		};
/* End PBXResourcesBuildPhase section */

/* Begin PBXSourcesBuildPhase section */
		99A958AC188B1D750074D408 /* Sources */ = {
			isa = PBXSourcesBuildPhase;
			buildActionMask = 2147483647;
			files = (
				992E594B18A0833300371D39 /* RigStatusController.m in Sources */,
				99A958C4188B1D750074D408 /* AppDelegate.m in Sources */,
				99A958F0188B3BF10074D408 /* SettingsController.m in Sources */,
				99A958CD188B1D750074D408 /* UserStatsController.m in Sources */,
				992E593F189EB95000371D39 /* MinersController.m in Sources */,
				99EA99EF18934A6E0094BDE9 /* NewsController.m in Sources */,
				992E5942189EC95200371D39 /* Miner.m in Sources */,
				992E594E18A1D45D00371D39 /* StatsController.m in Sources */,
				99A958C0188B1D750074D408 /* main.m in Sources */,
				992E5948189ECE6F00371D39 /* AddMinerController.m in Sources */,
			);
			runOnlyForDeploymentPostprocessing = 0;
		};
		99A958D3188B1D750074D408 /* Sources */ = {
			isa = PBXSourcesBuildPhase;
			buildActionMask = 2147483647;
			files = (
				99A958E5188B1D750074D408 /* Middlecoin_ToolkitTests.m in Sources */,
			);
			runOnlyForDeploymentPostprocessing = 0;
		};
/* End PBXSourcesBuildPhase section */

/* Begin PBXTargetDependency section */
		99A958DD188B1D750074D408 /* PBXTargetDependency */ = {
			isa = PBXTargetDependency;
			target = 99A958AF188B1D750074D408 /* Middlecoin */;
			targetProxy = 99A958DC188B1D750074D408 /* PBXContainerItemProxy */;
		};
/* End PBXTargetDependency section */

/* Begin PBXVariantGroup section */
		99A958BC188B1D750074D408 /* InfoPlist.strings */ = {
			isa = PBXVariantGroup;
			children = (
				99A958BD188B1D750074D408 /* en */,
			);
			name = InfoPlist.strings;
			sourceTree = "<group>";
		};
		99A958C5188B1D750074D408 /* Main_iPhone.storyboard */ = {
			isa = PBXVariantGroup;
			children = (
				99A958C6188B1D750074D408 /* Base */,
			);
			name = Main_iPhone.storyboard;
			sourceTree = "<group>";
		};
		99A958C8188B1D750074D408 /* Main_iPad.storyboard */ = {
			isa = PBXVariantGroup;
			children = (
				99A958C9188B1D750074D408 /* Base */,
			);
			name = Main_iPad.storyboard;
			sourceTree = "<group>";
		};
		99A958E1188B1D750074D408 /* InfoPlist.strings */ = {
			isa = PBXVariantGroup;
			children = (
				99A958E2188B1D750074D408 /* en */,
			);
			name = InfoPlist.strings;
			sourceTree = "<group>";
		};
/* End PBXVariantGroup section */

/* Begin XCBuildConfiguration section */
		99A958E6188B1D750074D408 /* Debug */ = {
			isa = XCBuildConfiguration;
			buildSettings = {
				ALWAYS_SEARCH_USER_PATHS = NO;
				ARCHS = "$(ARCHS_STANDARD_INCLUDING_64_BIT)";
				CLANG_CXX_LANGUAGE_STANDARD = "gnu++0x";
				CLANG_CXX_LIBRARY = "libc++";
				CLANG_ENABLE_MODULES = YES;
				CLANG_ENABLE_OBJC_ARC = YES;
				CLANG_WARN_BOOL_CONVERSION = YES;
				CLANG_WARN_CONSTANT_CONVERSION = YES;
				CLANG_WARN_DIRECT_OBJC_ISA_USAGE = YES_ERROR;
				CLANG_WARN_EMPTY_BODY = YES;
				CLANG_WARN_ENUM_CONVERSION = YES;
				CLANG_WARN_INT_CONVERSION = YES;
				CLANG_WARN_OBJC_ROOT_CLASS = YES_ERROR;
				CLANG_WARN__DUPLICATE_METHOD_MATCH = YES;
				"CODE_SIGN_IDENTITY[sdk=iphoneos*]" = "iPhone Developer";
				COPY_PHASE_STRIP = NO;
				GCC_C_LANGUAGE_STANDARD = gnu99;
				GCC_DYNAMIC_NO_PIC = NO;
				GCC_OPTIMIZATION_LEVEL = 0;
				GCC_PREPROCESSOR_DEFINITIONS = (
					"DEBUG=1",
					"$(inherited)",
				);
				GCC_SYMBOLS_PRIVATE_EXTERN = NO;
				GCC_WARN_64_TO_32_BIT_CONVERSION = YES;
				GCC_WARN_ABOUT_RETURN_TYPE = YES_ERROR;
				GCC_WARN_UNDECLARED_SELECTOR = YES;
				GCC_WARN_UNINITIALIZED_AUTOS = YES;
				GCC_WARN_UNUSED_FUNCTION = YES;
				GCC_WARN_UNUSED_VARIABLE = YES;
				IPHONEOS_DEPLOYMENT_TARGET = 7.0;
				ONLY_ACTIVE_ARCH = YES;
				SDKROOT = iphoneos;
				TARGETED_DEVICE_FAMILY = "1,2";
			};
			name = Debug;
		};
		99A958E7188B1D750074D408 /* Release */ = {
			isa = XCBuildConfiguration;
			buildSettings = {
				ALWAYS_SEARCH_USER_PATHS = NO;
				ARCHS = "$(ARCHS_STANDARD_INCLUDING_64_BIT)";
				CLANG_CXX_LANGUAGE_STANDARD = "gnu++0x";
				CLANG_CXX_LIBRARY = "libc++";
				CLANG_ENABLE_MODULES = YES;
				CLANG_ENABLE_OBJC_ARC = YES;
				CLANG_WARN_BOOL_CONVERSION = YES;
				CLANG_WARN_CONSTANT_CONVERSION = YES;
				CLANG_WARN_DIRECT_OBJC_ISA_USAGE = YES_ERROR;
				CLANG_WARN_EMPTY_BODY = YES;
				CLANG_WARN_ENUM_CONVERSION = YES;
				CLANG_WARN_INT_CONVERSION = YES;
				CLANG_WARN_OBJC_ROOT_CLASS = YES_ERROR;
				CLANG_WARN__DUPLICATE_METHOD_MATCH = YES;
				"CODE_SIGN_IDENTITY[sdk=iphoneos*]" = "iPhone Developer";
				COPY_PHASE_STRIP = YES;
				ENABLE_NS_ASSERTIONS = NO;
				GCC_C_LANGUAGE_STANDARD = gnu99;
				GCC_WARN_64_TO_32_BIT_CONVERSION = YES;
				GCC_WARN_ABOUT_RETURN_TYPE = YES_ERROR;
				GCC_WARN_UNDECLARED_SELECTOR = YES;
				GCC_WARN_UNINITIALIZED_AUTOS = YES;
				GCC_WARN_UNUSED_FUNCTION = YES;
				GCC_WARN_UNUSED_VARIABLE = YES;
				IPHONEOS_DEPLOYMENT_TARGET = 7.0;
				SDKROOT = iphoneos;
				TARGETED_DEVICE_FAMILY = "1,2";
				VALIDATE_PRODUCT = YES;
			};
			name = Release;
		};
		99A958E9188B1D750074D408 /* Debug */ = {
			isa = XCBuildConfiguration;
			buildSettings = {
				ASSETCATALOG_COMPILER_APPICON_NAME = AppIcon;
				ASSETCATALOG_COMPILER_LAUNCHIMAGE_NAME = LaunchImage;
				CODE_SIGN_IDENTITY = "iPhone Distribution: Mathieu Mallet (VDZGG2GE28)";
				"CODE_SIGN_IDENTITY[sdk=iphoneos*]" = "iPhone Developer";
				GCC_PRECOMPILE_PREFIX_HEADER = YES;
				GCC_PREFIX_HEADER = "Middlecoin Toolkit/Middlecoin Toolkit-Prefix.pch";
				INFOPLIST_FILE = "Middlecoin Toolkit/Middlecoin Toolkit-Info.plist";
				IPHONEOS_DEPLOYMENT_TARGET = 6.0;
				PRODUCT_NAME = "$(TARGET_NAME)";
				PROVISIONING_PROFILE = "DA72A2AC-49E7-49D5-883E-82FB9B6B4201";
				TARGETED_DEVICE_FAMILY = 1;
				WRAPPER_EXTENSION = app;
			};
			name = Debug;
		};
		99A958EA188B1D750074D408 /* Release */ = {
			isa = XCBuildConfiguration;
			buildSettings = {
				ASSETCATALOG_COMPILER_APPICON_NAME = AppIcon;
				ASSETCATALOG_COMPILER_LAUNCHIMAGE_NAME = LaunchImage;
				CODE_SIGN_IDENTITY = "iPhone Distribution: Mathieu Mallet (VDZGG2GE28)";
				"CODE_SIGN_IDENTITY[sdk=iphoneos*]" = "";
				GCC_PRECOMPILE_PREFIX_HEADER = YES;
				GCC_PREFIX_HEADER = "Middlecoin Toolkit/Middlecoin Toolkit-Prefix.pch";
				INFOPLIST_FILE = "Middlecoin Toolkit/Middlecoin Toolkit-Info.plist";
				IPHONEOS_DEPLOYMENT_TARGET = 6.0;
				PRODUCT_NAME = "$(TARGET_NAME)";
				PROVISIONING_PROFILE = "DA72A2AC-49E7-49D5-883E-82FB9B6B4201";
				TARGETED_DEVICE_FAMILY = 1;
				WRAPPER_EXTENSION = app;
			};
			name = Release;
		};
		99A958EC188B1D750074D408 /* Debug */ = {
			isa = XCBuildConfiguration;
			buildSettings = {
				ARCHS = "$(ARCHS_STANDARD_INCLUDING_64_BIT)";
				BUNDLE_LOADER = "$(BUILT_PRODUCTS_DIR)/Middlecoin Toolkit.app/Middlecoin Toolkit";
				FRAMEWORK_SEARCH_PATHS = (
					"$(SDKROOT)/Developer/Library/Frameworks",
					"$(inherited)",
					"$(DEVELOPER_FRAMEWORKS_DIR)",
				);
				GCC_PRECOMPILE_PREFIX_HEADER = YES;
				GCC_PREFIX_HEADER = "Middlecoin Toolkit/Middlecoin Toolkit-Prefix.pch";
				GCC_PREPROCESSOR_DEFINITIONS = (
					"DEBUG=1",
					"$(inherited)",
				);
				INFOPLIST_FILE = "Middlecoin ToolkitTests/Middlecoin ToolkitTests-Info.plist";
				PRODUCT_NAME = "$(TARGET_NAME)";
				TEST_HOST = "$(BUNDLE_LOADER)";
				WRAPPER_EXTENSION = xctest;
			};
			name = Debug;
		};
		99A958ED188B1D750074D408 /* Release */ = {
			isa = XCBuildConfiguration;
			buildSettings = {
				ARCHS = "$(ARCHS_STANDARD_INCLUDING_64_BIT)";
				BUNDLE_LOADER = "$(BUILT_PRODUCTS_DIR)/Middlecoin Toolkit.app/Middlecoin Toolkit";
				FRAMEWORK_SEARCH_PATHS = (
					"$(SDKROOT)/Developer/Library/Frameworks",
					"$(inherited)",
					"$(DEVELOPER_FRAMEWORKS_DIR)",
				);
				GCC_PRECOMPILE_PREFIX_HEADER = YES;
				GCC_PREFIX_HEADER = "Middlecoin Toolkit/Middlecoin Toolkit-Prefix.pch";
				INFOPLIST_FILE = "Middlecoin ToolkitTests/Middlecoin ToolkitTests-Info.plist";
				PRODUCT_NAME = "$(TARGET_NAME)";
				TEST_HOST = "$(BUNDLE_LOADER)";
				WRAPPER_EXTENSION = xctest;
			};
			name = Release;
		};
/* End XCBuildConfiguration section */

/* Begin XCConfigurationList section */
		99A958AB188B1D750074D408 /* Build configuration list for PBXProject "Middlecoin Toolkit" */ = {
			isa = XCConfigurationList;
			buildConfigurations = (
				99A958E6188B1D750074D408 /* Debug */,
				99A958E7188B1D750074D408 /* Release */,
			);
			defaultConfigurationIsVisible = 0;
			defaultConfigurationName = Release;
		};
		99A958E8188B1D750074D408 /* Build configuration list for PBXNativeTarget "Middlecoin" */ = {
			isa = XCConfigurationList;
			buildConfigurations = (
				99A958E9188B1D750074D408 /* Debug */,
				99A958EA188B1D750074D408 /* Release */,
			);
			defaultConfigurationIsVisible = 0;
			defaultConfigurationName = Release;
		};
		99A958EB188B1D750074D408 /* Build configuration list for PBXNativeTarget "Middlecoin ToolkitTests" */ = {
			isa = XCConfigurationList;
			buildConfigurations = (
				99A958EC188B1D750074D408 /* Debug */,
				99A958ED188B1D750074D408 /* Release */,
			);
			defaultConfigurationIsVisible = 0;
			defaultConfigurationName = Release;
		};
/* End XCConfigurationList section */
	};
	rootObject = 99A958A8188B1D750074D408 /* Project object */;
}
